
Microsoft Visual Studio Solution File, Format Version 12.00
# Visual Studio Version 16
VisualStudioVersion = 16.0.30503.244
MinimumVisualStudioVersion = 10.0.40219.1
Project("{FAE04EC0-301F-11D3-BF4B-00C04F79EFBC}") = "PomodoroTime", "PomodoroTime\PomodoroTime.csproj", "{D7CE22A6-2A0A-4B1A-BB46-355BC38EB595}"
EndProject
Global
	GlobalSection(SolutionConfigurationPlatforms) = preSolution
		Debug|Any CPU = Debug|Any CPU
		Release|Any CPU = Release|Any CPU
	EndGlobalSection
	GlobalSection(ProjectConfigurationPlatforms) = postSolution
		{D7CE22A6-2A0A-4B1A-BB46-355BC38EB595}.Debug|Any CPU.ActiveCfg = Debug|Any CPU
		{D7CE22A6-2A0A-4B1A-BB46-355BC38EB595}.Debug|Any CPU.Build.0 = Debug|Any CPU
		{D7CE22A6-2A0A-4B1A-BB46-355BC38EB595}.Release|Any CPU.ActiveCfg = Release|Any CPU
		{D7CE22A6-2A0A-4B1A-BB46-355BC38EB595}.Release|Any CPU.Build.0 = Release|Any CPU
	EndGlobalSection
	GlobalSection(SolutionProperties) = preSolution
		HideSolutionNode = FALSE
	EndGlobalSection
	GlobalSection(ExtensibilityGlobals) = postSolution
		SolutionGuid = {5B386C1E-32EE-47CA-B66C-B1D021A17B42}
	EndGlobalSection
EndGlobal
